
Microsoft Visual Studio Solution File, Format Version 12.00
# Visual Studio Version 17
VisualStudioVersion = 17.3.32825.248
MinimumVisualStudioVersion = 10.0.40219.1
Project("{FAE04EC0-301F-11D3-BF4B-00C04F79EFBC}") = "AdressBook", "AdressBook\AdressBook.csproj", "{68474CC4-2709-4B6D-8A4D-5CA0F6308361}"
EndProject
Global
	GlobalSection(SolutionConfigurationPlatforms) = preSolution
		Debug|Any CPU = Debug|Any CPU
		Release|Any CPU = Release|Any CPU
	EndGlobalSection
	GlobalSection(ProjectConfigurationPlatforms) = postSolution
		{68474CC4-2709-4B6D-8A4D-5CA0F6308361}.Debug|Any CPU.ActiveCfg = Debug|Any CPU
		{68474CC4-2709-4B6D-8A4D-5CA0F6308361}.Debug|Any CPU.Build.0 = Debug|Any CPU
		{68474CC4-2709-4B6D-8A4D-5CA0F6308361}.Release|Any CPU.ActiveCfg = Release|Any CPU
		{68474CC4-2709-4B6D-8A4D-5CA0F6308361}.Release|Any CPU.Build.0 = Release|Any CPU
	EndGlobalSection
	GlobalSection(SolutionProperties) = preSolution
		HideSolutionNode = FALSE
	EndGlobalSection
	GlobalSection(ExtensibilityGlobals) = postSolution
		SolutionGuid = {646F5B83-2CAA-427A-81EF-EAE9F3BDA194}
	EndGlobalSection
EndGlobal
